// !$*UTF8*$!
{
	archiveVersion = 1;
	classes = {
	};
	objectVersion = 46;
	objects = {

/* Begin PBXBuildFile section */
		4CBA78AB198417A100C1A62E /* Foundation.framework in Frameworks */ = {isa = PBXBuildFile; fileRef = 4CBA78AA198417A100C1A62E /* Foundation.framework */; };
		4CBA78AD198417A100C1A62E /* CoreGraphics.framework in Frameworks */ = {isa = PBXBuildFile; fileRef = 4CBA78AC198417A100C1A62E /* CoreGraphics.framework */; };
		4CBA78AF198417A100C1A62E /* UIKit.framework in Frameworks */ = {isa = PBXBuildFile; fileRef = 4CBA78AE198417A100C1A62E /* UIKit.framework */; };
		4CBA78B5198417A100C1A62E /* InfoPlist.strings in Resources */ = {isa = PBXBuildFile; fileRef = 4CBA78B3198417A100C1A62E /* InfoPlist.strings */; };
		4CBA78B7198417A100C1A62E /* main.m in Sources */ = {isa = PBXBuildFile; fileRef = 4CBA78B6198417A100C1A62E /* main.m */; };
		4CBA78BB198417A100C1A62E /* AppDelegate.m in Sources */ = {isa = PBXBuildFile; fileRef = 4CBA78BA198417A100C1A62E /* AppDelegate.m */; };
		4CBA78BE198417A100C1A62E /* Main.storyboard in Resources */ = {isa = PBXBuildFile; fileRef = 4CBA78BC198417A100C1A62E /* Main.storyboard */; };
		4CBA78C1198417A100C1A62E /* ViewController.m in Sources */ = {isa = PBXBuildFile; fileRef = 4CBA78C0198417A100C1A62E /* ViewController.m */; };
		4CBA78C3198417A100C1A62E /* Images.xcassets in Resources */ = {isa = PBXBuildFile; fileRef = 4CBA78C2198417A100C1A62E /* Images.xcassets */; };
		4CBA78CA198417A100C1A62E /* XCTest.framework in Frameworks */ = {isa = PBXBuildFile; fileRef = 4CBA78C9198417A100C1A62E /* XCTest.framework */; };
		4CBA78CB198417A100C1A62E /* Foundation.framework in Frameworks */ = {isa = PBXBuildFile; fileRef = 4CBA78AA198417A100C1A62E /* Foundation.framework */; };
		4CBA78CC198417A100C1A62E /* UIKit.framework in Frameworks */ = {isa = PBXBuildFile; fileRef = 4CBA78AE198417A100C1A62E /* UIKit.framework */; };
		4CBA78D4198417A100C1A62E /* InfoPlist.strings in Resources */ = {isa = PBXBuildFile; fileRef = 4CBA78D2198417A100C1A62E /* InfoPlist.strings */; };
		4CBA78D6198417A100C1A62E /* ZTypewriteEffectTests.m in Sources */ = {isa = PBXBuildFile; fileRef = 4CBA78D5198417A100C1A62E /* ZTypewriteEffectTests.m */; };
		4CBA78E3198417FE00C1A62E /* AudioToolbox.framework in Frameworks */ = {isa = PBXBuildFile; fileRef = 4CBA78E2198417FE00C1A62E /* AudioToolbox.framework */; };
		4CBA78EA198419E100C1A62E /* ZTypewriteEffectLabel.m in Sources */ = {isa = PBXBuildFile; fileRef = 4CBA78E9198419E100C1A62E /* ZTypewriteEffectLabel.m */; };
		4CBA78EC198419F800C1A62E /* typewriter.wav in Resources */ = {isa = PBXBuildFile; fileRef = 4CBA78EB198419F800C1A62E /* typewriter.wav */; };
/* End PBXBuildFile section */

/* Begin PBXContainerItemProxy section */
		4CBA78CD198417A100C1A62E /* PBXContainerItemProxy */ = {
			isa = PBXContainerItemProxy;
			containerPortal = 4CBA789F198417A100C1A62E /* Project object */;
			proxyType = 1;
			remoteGlobalIDString = 4CBA78A6198417A100C1A62E;
			remoteInfo = ZTypewriteEffect;
		};
/* End PBXContainerItemProxy section */

/* Begin PBXFileReference section */
		4CBA78A7198417A100C1A62E /* ZTypewriteEffect.app */ = {isa = PBXFileReference; explicitFileType = wrapper.application; includeInIndex = 0; path = ZTypewriteEffect.app; sourceTree = BUILT_PRODUCTS_DIR; };
		4CBA78AA198417A100C1A62E /* Foundation.framework */ = {isa = PBXFileReference; lastKnownFileType = wrapper.framework; name = Foundation.framework; path = System/Library/Frameworks/Foundation.framework; sourceTree = SDKROOT; };
		4CBA78AC198417A100C1A62E /* CoreGraphics.framework */ = {isa = PBXFileReference; lastKnownFileType = wrapper.framework; name = CoreGraphics.framework; path = System/Library/Frameworks/CoreGraphics.framework; sourceTree = SDKROOT; };
		4CBA78AE198417A100C1A62E /* UIKit.framework */ = {isa = PBXFileReference; lastKnownFileType = wrapper.framework; name = UIKit.framework; path = System/Library/Frameworks/UIKit.framework; sourceTree = SDKROOT; };
		4CBA78B2198417A100C1A62E /* ZTypewriteEffect-Info.plist */ = {isa = PBXFileReference; lastKnownFileType = text.plist.xml; path = "ZTypewriteEffect-Info.plist"; sourceTree = "<group>"; };
		4CBA78B4198417A100C1A62E /* en */ = {isa = PBXFileReference; lastKnownFileType = text.plist.strings; name = en; path = en.lproj/InfoPlist.strings; sourceTree = "<group>"; };
		4CBA78B6198417A100C1A62E /* main.m */ = {isa = PBXFileReference; lastKnownFileType = sourcecode.c.objc; path = main.m; sourceTree = "<group>"; };
		4CBA78B8198417A100C1A62E /* ZTypewriteEffect-Prefix.pch */ = {isa = PBXFileReference; lastKnownFileType = sourcecode.c.h; path = "ZTypewriteEffect-Prefix.pch"; sourceTree = "<group>"; };
		4CBA78B9198417A100C1A62E /* AppDelegate.h */ = {isa = PBXFileReference; lastKnownFileType = sourcecode.c.h; path = AppDelegate.h; sourceTree = "<group>"; };
		4CBA78BA198417A100C1A62E /* AppDelegate.m */ = {isa = PBXFileReference; lastKnownFileType = sourcecode.c.objc; path = AppDelegate.m; sourceTree = "<group>"; };
		4CBA78BD198417A100C1A62E /* Base */ = {isa = PBXFileReference; lastKnownFileType = file.storyboard; name = Base; path = Base.lproj/Main.storyboard; sourceTree = "<group>"; };
		4CBA78BF198417A100C1A62E /* ViewController.h */ = {isa = PBXFileReference; lastKnownFileType = sourcecode.c.h; path = ViewController.h; sourceTree = "<group>"; };
		4CBA78C0198417A100C1A62E /* ViewController.m */ = {isa = PBXFileReference; lastKnownFileType = sourcecode.c.objc; path = ViewController.m; sourceTree = "<group>"; };
		4CBA78C2198417A100C1A62E /* Images.xcassets */ = {isa = PBXFileReference; lastKnownFileType = folder.assetcatalog; path = Images.xcassets; sourceTree = "<group>"; };
		4CBA78C8198417A100C1A62E /* ZTypewriteEffectTests.xctest */ = {isa = PBXFileReference; explicitFileType = wrapper.cfbundle; includeInIndex = 0; path = ZTypewriteEffectTests.xctest; sourceTree = BUILT_PRODUCTS_DIR; };
		4CBA78C9198417A100C1A62E /* XCTest.framework */ = {isa = PBXFileReference; lastKnownFileType = wrapper.framework; name = XCTest.framework; path = Library/Frameworks/XCTest.framework; sourceTree = DEVELOPER_DIR; };
		4CBA78D1198417A100C1A62E /* ZTypewriteEffectTests-Info.plist */ = {isa = PBXFileReference; lastKnownFileType = text.plist.xml; path = "ZTypewriteEffectTests-Info.plist"; sourceTree = "<group>"; };
		4CBA78D3198417A100C1A62E /* en */ = {isa = PBXFileReference; lastKnownFileType = text.plist.strings; name = en; path = en.lproj/InfoPlist.strings; sourceTree = "<group>"; };
		4CBA78D5198417A100C1A62E /* ZTypewriteEffectTests.m */ = {isa = PBXFileReference; lastKnownFileType = sourcecode.c.objc; path = ZTypewriteEffectTests.m; sourceTree = "<group>"; };
		4CBA78E2198417FE00C1A62E /* AudioToolbox.framework */ = {isa = PBXFileReference; lastKnownFileType = wrapper.framework; name = AudioToolbox.framework; path = System/Library/Frameworks/AudioToolbox.framework; sourceTree = SDKROOT; };
		4CBA78E8198419E100C1A62E /* ZTypewriteEffectLabel.h */ = {isa = PBXFileReference; fileEncoding = 4; lastKnownFileType = sourcecode.c.h; path = ZTypewriteEffectLabel.h; sourceTree = "<group>"; };
		4CBA78E9198419E100C1A62E /* ZTypewriteEffectLabel.m */ = {isa = PBXFileReference; fileEncoding = 4; lastKnownFileType = sourcecode.c.objc; path = ZTypewriteEffectLabel.m; sourceTree = "<group>"; };
		4CBA78EB198419F800C1A62E /* typewriter.wav */ = {isa = PBXFileReference; lastKnownFileType = audio.wav; path = typewriter.wav; sourceTree = "<group>"; };
/* End PBXFileReference section */

/* Begin PBXFrameworksBuildPhase section */
		4CBA78A4198417A100C1A62E /* Frameworks */ = {
			isa = PBXFrameworksBuildPhase;
			buildActionMask = 2147483647;
			files = (
				4CBA78E3198417FE00C1A62E /* AudioToolbox.framework in Frameworks */,
				4CBA78AD198417A100C1A62E /* CoreGraphics.framework in Frameworks */,
				4CBA78AF198417A100C1A62E /* UIKit.framework in Frameworks */,
				4CBA78AB198417A100C1A62E /* Foundation.framework in Frameworks */,
			);
			runOnlyForDeploymentPostprocessing = 0;
		};
		4CBA78C5198417A100C1A62E /* Frameworks */ = {
			isa = PBXFrameworksBuildPhase;
			buildActionMask = 2147483647;
			files = (
				4CBA78CA198417A100C1A62E /* XCTest.framework in Frameworks */,
				4CBA78CC198417A100C1A62E /* UIKit.framework in Frameworks */,
				4CBA78CB198417A100C1A62E /* Foundation.framework in Frameworks */,
			);
			runOnlyForDeploymentPostprocessing = 0;
		};
/* End PBXFrameworksBuildPhase section */

/* Begin PBXGroup section */
		4CBA789E198417A100C1A62E = {
			isa = PBXGroup;
			children = (
				4CBA78B0198417A100C1A62E /* ZTypewriteEffect */,
				4CBA78CF198417A100C1A62E /* ZTypewriteEffectTests */,
				4CBA78A9198417A100C1A62E /* Frameworks */,
				4CBA78A8198417A100C1A62E /* Products */,
			);
			sourceTree = "<group>";
		};
		4CBA78A8198417A100C1A62E /* Products */ = {
			isa = PBXGroup;
			children = (
				4CBA78A7198417A100C1A62E /* ZTypewriteEffect.app */,
				4CBA78C8198417A100C1A62E /* ZTypewriteEffectTests.xctest */,
			);
			name = Products;
			sourceTree = "<group>";
		};
		4CBA78A9198417A100C1A62E /* Frameworks */ = {
			isa = PBXGroup;
			children = (
				4CBA78E2198417FE00C1A62E /* AudioToolbox.framework */,
				4CBA78AA198417A100C1A62E /* Foundation.framework */,
				4CBA78AC198417A100C1A62E /* CoreGraphics.framework */,
				4CBA78AE198417A100C1A62E /* UIKit.framework */,
				4CBA78C9198417A100C1A62E /* XCTest.framework */,
			);
			name = Frameworks;
			sourceTree = "<group>";
		};
		4CBA78B0198417A100C1A62E /* ZTypewriteEffect */ = {
			isa = PBXGroup;
			children = (
				4CBA78E7198419E100C1A62E /* ZTypewriteEffect */,
				4CBA78B9198417A100C1A62E /* AppDelegate.h */,
				4CBA78BA198417A100C1A62E /* AppDelegate.m */,
				4CBA78BC198417A100C1A62E /* Main.storyboard */,
				4CBA78BF198417A100C1A62E /* ViewController.h */,
				4CBA78C0198417A100C1A62E /* ViewController.m */,
				4CBA78C2198417A100C1A62E /* Images.xcassets */,
				4CBA78B1198417A100C1A62E /* Supporting Files */,
			);
			path = ZTypewriteEffect;
			sourceTree = "<group>";
		};
		4CBA78B1198417A100C1A62E /* Supporting Files */ = {
			isa = PBXGroup;
			children = (
				4CBA78B2198417A100C1A62E /* ZTypewriteEffect-Info.plist */,
				4CBA78B3198417A100C1A62E /* InfoPlist.strings */,
				4CBA78B6198417A100C1A62E /* main.m */,
				4CBA78B8198417A100C1A62E /* ZTypewriteEffect-Prefix.pch */,
			);
			name = "Supporting Files";
			sourceTree = "<group>";
		};
		4CBA78CF198417A100C1A62E /* ZTypewriteEffectTests */ = {
			isa = PBXGroup;
			children = (
				4CBA78D5198417A100C1A62E /* ZTypewriteEffectTests.m */,
				4CBA78D0198417A100C1A62E /* Supporting Files */,
			);
			path = ZTypewriteEffectTests;
			sourceTree = "<group>";
		};
		4CBA78D0198417A100C1A62E /* Supporting Files */ = {
			isa = PBXGroup;
			children = (
				4CBA78D1198417A100C1A62E /* ZTypewriteEffectTests-Info.plist */,
				4CBA78D2198417A100C1A62E /* InfoPlist.strings */,
			);
			name = "Supporting Files";
			sourceTree = "<group>";
		};
		4CBA78E7198419E100C1A62E /* ZTypewriteEffect */ = {
			isa = PBXGroup;
			children = (
				4CBA78E8198419E100C1A62E /* ZTypewriteEffectLabel.h */,
				4CBA78E9198419E100C1A62E /* ZTypewriteEffectLabel.m */,
				4CBA78EB198419F800C1A62E /* typewriter.wav */,
			);
			path = ZTypewriteEffect;
			sourceTree = "<group>";
		};
/* End PBXGroup section */

/* Begin PBXNativeTarget section */
		4CBA78A6198417A100C1A62E /* ZTypewriteEffect */ = {
			isa = PBXNativeTarget;
			buildConfigurationList = 4CBA78D9198417A100C1A62E /* Build configuration list for PBXNativeTarget "ZTypewriteEffect" */;
			buildPhases = (
				4CBA78A3198417A100C1A62E /* Sources */,
				4CBA78A4198417A100C1A62E /* Frameworks */,
				4CBA78A5198417A100C1A62E /* Resources */,
			);
			buildRules = (
			);
			dependencies = (
			);
			name = ZTypewriteEffect;
			productName = ZTypewriteEffect;
			productReference = 4CBA78A7198417A100C1A62E /* ZTypewriteEffect.app */;
			productType = "com.apple.product-type.application";
		};
		4CBA78C7198417A100C1A62E /* ZTypewriteEffectTests */ = {
			isa = PBXNativeTarget;
			buildConfigurationList = 4CBA78DC198417A100C1A62E /* Build configuration list for PBXNativeTarget "ZTypewriteEffectTests" */;
			buildPhases = (
				4CBA78C4198417A100C1A62E /* Sources */,
				4CBA78C5198417A100C1A62E /* Frameworks */,
				4CBA78C6198417A100C1A62E /* Resources */,
			);
			buildRules = (
			);
			dependencies = (
				4CBA78CE198417A100C1A62E /* PBXTargetDependency */,
			);
			name = ZTypewriteEffectTests;
			productName = ZTypewriteEffectTests;
			productReference = 4CBA78C8198417A100C1A62E /* ZTypewriteEffectTests.xctest */;
			productType = "com.apple.product-type.bundle.unit-test";
		};
/* End PBXNativeTarget section */

/* Begin PBXProject section */
		4CBA789F198417A100C1A62E /* Project object */ = {
			isa = PBXProject;
			attributes = {
				LastUpgradeCheck = 0510;
				ORGANIZATIONNAME = mapboo;
				TargetAttributes = {
					4CBA78C7198417A100C1A62E = {
						TestTargetID = 4CBA78A6198417A100C1A62E;
					};
				};
			};
			buildConfigurationList = 4CBA78A2198417A100C1A62E /* Build configuration list for PBXProject "ZTypewriteEffect" */;
			compatibilityVersion = "Xcode 3.2";
			developmentRegion = English;
			hasScannedForEncodings = 0;
			knownRegions = (
				en,
				Base,
			);
			mainGroup = 4CBA789E198417A100C1A62E;
			productRefGroup = 4CBA78A8198417A100C1A62E /* Products */;
			projectDirPath = "";
			projectRoot = "";
			targets = (
				4CBA78A6198417A100C1A62E /* ZTypewriteEffect */,
				4CBA78C7198417A100C1A62E /* ZTypewriteEffectTests */,
			);
		};
/* End PBXProject section */

/* Begin PBXResourcesBuildPhase section */
		4CBA78A5198417A100C1A62E /* Resources */ = {
			isa = PBXResourcesBuildPhase;
			buildActionMask = 2147483647;
			files = (
				4CBA78C3198417A100C1A62E /* Images.xcassets in Resources */,
				4CBA78EC198419F800C1A62E /* typewriter.wav in Resources */,
				4CBA78B5198417A100C1A62E /* InfoPlist.strings in Resources */,
				4CBA78BE198417A100C1A62E /* Main.storyboard in Resources */,
			);
			runOnlyForDeploymentPostprocessing = 0;
		};
		4CBA78C6198417A100C1A62E /* Resources */ = {
			isa = PBXResourcesBuildPhase;
			buildActionMask = 2147483647;
			files = (
				4CBA78D4198417A100C1A62E /* InfoPlist.strings in Resources */,
			);
			runOnlyForDeploymentPostprocessing = 0;
		};
/* End PBXResourcesBuildPhase section */

/* Begin PBXSourcesBuildPhase section */
		4CBA78A3198417A100C1A62E /* Sources */ = {
			isa = PBXSourcesBuildPhase;
			buildActionMask = 2147483647;
			files = (
				4CBA78C1198417A100C1A62E /* ViewController.m in Sources */,
				4CBA78BB198417A100C1A62E /* AppDelegate.m in Sources */,
				4CBA78EA198419E100C1A62E /* ZTypewriteEffectLabel.m in Sources */,
				4CBA78B7198417A100C1A62E /* main.m in Sources */,
			);
			runOnlyForDeploymentPostprocessing = 0;
		};
		4CBA78C4198417A100C1A62E /* Sources */ = {
			isa = PBXSourcesBuildPhase;
			buildActionMask = 2147483647;
			files = (
				4CBA78D6198417A100C1A62E /* ZTypewriteEffectTests.m in Sources */,
			);
			runOnlyForDeploymentPostprocessing = 0;
		};
/* End PBXSourcesBuildPhase section */

/* Begin PBXTargetDependency section */
		4CBA78CE198417A100C1A62E /* PBXTargetDependency */ = {
			isa = PBXTargetDependency;
			target = 4CBA78A6198417A100C1A62E /* ZTypewriteEffect */;
			targetProxy = 4CBA78CD198417A100C1A62E /* PBXContainerItemProxy */;
		};
/* End PBXTargetDependency section */

/* Begin PBXVariantGroup section */
		4CBA78B3198417A100C1A62E /* InfoPlist.strings */ = {
			isa = PBXVariantGroup;
			children = (
				4CBA78B4198417A100C1A62E /* en */,
			);
			name = InfoPlist.strings;
			sourceTree = "<group>";
		};
		4CBA78BC198417A100C1A62E /* Main.storyboard */ = {
			isa = PBXVariantGroup;
			children = (
				4CBA78BD198417A100C1A62E /* Base */,
			);
			name = Main.storyboard;
			sourceTree = "<group>";
		};
		4CBA78D2198417A100C1A62E /* InfoPlist.strings */ = {
			isa = PBXVariantGroup;
			children = (
				4CBA78D3198417A100C1A62E /* en */,
			);
			name = InfoPlist.strings;
			sourceTree = "<group>";
		};
/* End PBXVariantGroup section */

/* Begin XCBuildConfiguration section */
		4CBA78D7198417A100C1A62E /* Debug */ = {
			isa = XCBuildConfiguration;
			buildSettings = {
				ALWAYS_SEARCH_USER_PATHS = NO;
				CLANG_CXX_LANGUAGE_STANDARD = "gnu++0x";
				CLANG_CXX_LIBRARY = "libc++";
				CLANG_ENABLE_MODULES = YES;
				CLANG_ENABLE_OBJC_ARC = YES;
				CLANG_WARN_BOOL_CONVERSION = YES;
				CLANG_WARN_CONSTANT_CONVERSION = YES;
				CLANG_WARN_DIRECT_OBJC_ISA_USAGE = YES_ERROR;
				CLANG_WARN_EMPTY_BODY = YES;
				CLANG_WARN_ENUM_CONVERSION = YES;
				CLANG_WARN_INT_CONVERSION = YES;
				CLANG_WARN_OBJC_ROOT_CLASS = YES_ERROR;
				CLANG_WARN__DUPLICATE_METHOD_MATCH = YES;
				"CODE_SIGN_IDENTITY[sdk=iphoneos*]" = "iPhone Developer";
				COPY_PHASE_STRIP = NO;
				GCC_C_LANGUAGE_STANDARD = gnu99;
				GCC_DYNAMIC_NO_PIC = NO;
				GCC_OPTIMIZATION_LEVEL = 0;
				GCC_PREPROCESSOR_DEFINITIONS = (
					"DEBUG=1",
					"$(inherited)",
				);
				GCC_SYMBOLS_PRIVATE_EXTERN = NO;
				GCC_WARN_64_TO_32_BIT_CONVERSION = YES;
				GCC_WARN_ABOUT_RETURN_TYPE = YES_ERROR;
				GCC_WARN_UNDECLARED_SELECTOR = YES;
				GCC_WARN_UNINITIALIZED_AUTOS = YES_AGGRESSIVE;
				GCC_WARN_UNUSED_FUNCTION = YES;
				GCC_WARN_UNUSED_VARIABLE = YES;
				IPHONEOS_DEPLOYMENT_TARGET = 7.1;
				ONLY_ACTIVE_ARCH = YES;
				SDKROOT = iphoneos;
			};
			name = Debug;
		};
		4CBA78D8198417A100C1A62E /* Release */ = {
			isa = XCBuildConfiguration;
			buildSettings = {
				ALWAYS_SEARCH_USER_PATHS = NO;
				CLANG_CXX_LANGUAGE_STANDARD = "gnu++0x";
				CLANG_CXX_LIBRARY = "libc++";
				CLANG_ENABLE_MODULES = YES;
				CLANG_ENABLE_OBJC_ARC = YES;
				CLANG_WARN_BOOL_CONVERSION = YES;
				CLANG_WARN_CONSTANT_CONVERSION = YES;
				CLANG_WARN_DIRECT_OBJC_ISA_USAGE = YES_ERROR;
				CLANG_WARN_EMPTY_BODY = YES;
				CLANG_WARN_ENUM_CONVERSION = YES;
				CLANG_WARN_INT_CONVERSION = YES;
				CLANG_WARN_OBJC_ROOT_CLASS = YES_ERROR;
				CLANG_WARN__DUPLICATE_METHOD_MATCH = YES;
				"CODE_SIGN_IDENTITY[sdk=iphoneos*]" = "iPhone Developer";
				COPY_PHASE_STRIP = YES;
				ENABLE_NS_ASSERTIONS = NO;
				GCC_C_LANGUAGE_STANDARD = gnu99;
				GCC_WARN_64_TO_32_BIT_CONVERSION = YES;
				GCC_WARN_ABOUT_RETURN_TYPE = YES_ERROR;
				GCC_WARN_UNDECLARED_SELECTOR = YES;
				GCC_WARN_UNINITIALIZED_AUTOS = YES_AGGRESSIVE;
				GCC_WARN_UNUSED_FUNCTION = YES;
				GCC_WARN_UNUSED_VARIABLE = YES;
				IPHONEOS_DEPLOYMENT_TARGET = 7.1;
				SDKROOT = iphoneos;
				VALIDATE_PRODUCT = YES;
			};
			name = Release;
		};
		4CBA78DA198417A100C1A62E /* Debug */ = {
			isa = XCBuildConfiguration;
			buildSettings = {
				ASSETCATALOG_COMPILER_APPICON_NAME = AppIcon;
				ASSETCATALOG_COMPILER_LAUNCHIMAGE_NAME = LaunchImage;
				GCC_PRECOMPILE_PREFIX_HEADER = YES;
				GCC_PREFIX_HEADER = "ZTypewriteEffect/ZTypewriteEffect-Prefix.pch";
				INFOPLIST_FILE = "ZTypewriteEffect/ZTypewriteEffect-Info.plist";
				IPHONEOS_DEPLOYMENT_TARGET = 6.1;
				PRODUCT_NAME = "$(TARGET_NAME)";
				WRAPPER_EXTENSION = app;
			};
			name = Debug;
		};
		4CBA78DB198417A100C1A62E /* Release */ = {
			isa = XCBuildConfiguration;
			buildSettings = {
				ASSETCATALOG_COMPILER_APPICON_NAME = AppIcon;
				ASSETCATALOG_COMPILER_LAUNCHIMAGE_NAME = LaunchImage;
				GCC_PRECOMPILE_PREFIX_HEADER = YES;
				GCC_PREFIX_HEADER = "ZTypewriteEffect/ZTypewriteEffect-Prefix.pch";
				INFOPLIST_FILE = "ZTypewriteEffect/ZTypewriteEffect-Info.plist";
				IPHONEOS_DEPLOYMENT_TARGET = 6.1;
				PRODUCT_NAME = "$(TARGET_NAME)";
				WRAPPER_EXTENSION = app;
			};
			name = Release;
		};
		4CBA78DD198417A100C1A62E /* Debug */ = {
			isa = XCBuildConfiguration;
			buildSettings = {
				BUNDLE_LOADER = "$(BUILT_PRODUCTS_DIR)/ZTypewriteEffect.app/ZTypewriteEffect";
				FRAMEWORK_SEARCH_PATHS = (
					"$(SDKROOT)/Developer/Library/Frameworks",
					"$(inherited)",
					"$(DEVELOPER_FRAMEWORKS_DIR)",
				);
				GCC_PRECOMPILE_PREFIX_HEADER = YES;
				GCC_PREFIX_HEADER = "ZTypewriteEffect/ZTypewriteEffect-Prefix.pch";
				GCC_PREPROCESSOR_DEFINITIONS = (
					"DEBUG=1",
					"$(inherited)",
				);
				INFOPLIST_FILE = "ZTypewriteEffectTests/ZTypewriteEffectTests-Info.plist";
				PRODUCT_NAME = "$(TARGET_NAME)";
				TEST_HOST = "$(BUNDLE_LOADER)";
				WRAPPER_EXTENSION = xctest;
			};
			name = Debug;
		};
		4CBA78DE198417A100C1A62E /* Release */ = {
			isa = XCBuildConfiguration;
			buildSettings = {
				BUNDLE_LOADER = "$(BUILT_PRODUCTS_DIR)/ZTypewriteEffect.app/ZTypewriteEffect";
				FRAMEWORK_SEARCH_PATHS = (
					"$(SDKROOT)/Developer/Library/Frameworks",
					"$(inherited)",
					"$(DEVELOPER_FRAMEWORKS_DIR)",
				);
				GCC_PRECOMPILE_PREFIX_HEADER = YES;
				GCC_PREFIX_HEADER = "ZTypewriteEffect/ZTypewriteEffect-Prefix.pch";
				INFOPLIST_FILE = "ZTypewriteEffectTests/ZTypewriteEffectTests-Info.plist";
				PRODUCT_NAME = "$(TARGET_NAME)";
				TEST_HOST = "$(BUNDLE_LOADER)";
				WRAPPER_EXTENSION = xctest;
			};
			name = Release;
		};
/* End XCBuildConfiguration section */

/* Begin XCConfigurationList section */
		4CBA78A2198417A100C1A62E /* Build configuration list for PBXProject "ZTypewriteEffect" */ = {
			isa = XCConfigurationList;
			buildConfigurations = (
				4CBA78D7198417A100C1A62E /* Debug */,
				4CBA78D8198417A100C1A62E /* Release */,
			);
			defaultConfigurationIsVisible = 0;
			defaultConfigurationName = Release;
		};
		4CBA78D9198417A100C1A62E /* Build configuration list for PBXNativeTarget "ZTypewriteEffect" */ = {
			isa = XCConfigurationList;
			buildConfigurations = (
				4CBA78DA198417A100C1A62E /* Debug */,
				4CBA78DB198417A100C1A62E /* Release */,
			);
			defaultConfigurationIsVisible = 0;
		};
		4CBA78DC198417A100C1A62E /* Build configuration list for PBXNativeTarget "ZTypewriteEffectTests" */ = {
			isa = XCConfigurationList;
			buildConfigurations = (
				4CBA78DD198417A100C1A62E /* Debug */,
				4CBA78DE198417A100C1A62E /* Release */,
			);
			defaultConfigurationIsVisible = 0;
		};
/* End XCConfigurationList section */
	};
	rootObject = 4CBA789F198417A100C1A62E /* Project object */;
}
